
Microsoft Visual Studio Solution File, Format Version 12.00
# Visual Studio Version 17
VisualStudioVersion = 17.0.31903.59
MinimumVisualStudioVersion = 10.0.40219.1
Project("{2150E333-8FDC-42A3-9474-1A3956D46DE8}") = "src", "src", "{7A419A8A-DFB7-48AD-B61C-B149F0E5AA47}"
EndProject
Project("{FAE04EC0-301F-11D3-BF4B-00C04F79EFBC}") = "Workbench.Desktop", "src\Workbench.Desktop\Workbench.Desktop.csproj", "{E583407F-9C81-4CF6-8133-30C8D6271657}"
EndProject
Project("{FAE04EC0-301F-11D3-BF4B-00C04F79EFBC}") = "Workbench.Domain", "src\Workbench.Domain\Workbench.Domain.csproj", "{00816613-3DC7-4040-8DCF-E4E7DC9509F1}"
EndProject
Project("{FAE04EC0-301F-11D3-BF4B-00C04F79EFBC}") = "Workbench.Contracts", "src\Workbench.Contracts\Workbench.Contracts.csproj", "{568997FD-8E4D-471D-867F-40783DDD3BD5}"
EndProject
Project("{FAE04EC0-301F-11D3-BF4B-00C04F79EFBC}") = "Workbench.Application", "src\Workbench.Application\Workbench.Application.csproj", "{4D5FAF3A-AA02-4023-A011-A1EC3C2D304C}"
EndProject
Project("{FAE04EC0-301F-11D3-BF4B-00C04F79EFBC}") = "Workbench.Infrastructure", "src\Workbench.Infrastructure\Workbench.Infrastructure.csproj", "{02D71F32-3FAC-4A38-A6AF-67D274A91114}"
EndProject
Project("{FAE04EC0-301F-11D3-BF4B-00C04F79EFBC}") = "Workbench.Service", "src\Workbench.Service\Workbench.Service.csproj", "{21B9793F-6759-4867-B7BF-199F77E0A8DE}"
EndProject
Global
	GlobalSection(SolutionConfigurationPlatforms) = preSolution
		Debug|Any CPU = Debug|Any CPU
		Release|Any CPU = Release|Any CPU
	EndGlobalSection
	GlobalSection(SolutionProperties) = preSolution
		HideSolutionNode = FALSE
	EndGlobalSection
	GlobalSection(ProjectConfigurationPlatforms) = postSolution
		{E583407F-9C81-4CF6-8133-30C8D6271657}.Debug|Any CPU.ActiveCfg = Debug|Any CPU
		{E583407F-9C81-4CF6-8133-30C8D6271657}.Debug|Any CPU.Build.0 = Debug|Any CPU
		{E583407F-9C81-4CF6-8133-30C8D6271657}.Release|Any CPU.ActiveCfg = Release|Any CPU
		{E583407F-9C81-4CF6-8133-30C8D6271657}.Release|Any CPU.Build.0 = Release|Any CPU
		{00816613-3DC7-4040-8DCF-E4E7DC9509F1}.Debug|Any CPU.ActiveCfg = Debug|Any CPU
		{00816613-3DC7-4040-8DCF-E4E7DC9509F1}.Debug|Any CPU.Build.0 = Debug|Any CPU
		{00816613-3DC7-4040-8DCF-E4E7DC9509F1}.Release|Any CPU.ActiveCfg = Release|Any CPU
		{00816613-3DC7-4040-8DCF-E4E7DC9509F1}.Release|Any CPU.Build.0 = Release|Any CPU
		{568997FD-8E4D-471D-867F-40783DDD3BD5}.Debug|Any CPU.ActiveCfg = Debug|Any CPU
		{568997FD-8E4D-471D-867F-40783DDD3BD5}.Debug|Any CPU.Build.0 = Debug|Any CPU
		{568997FD-8E4D-471D-867F-40783DDD3BD5}.Release|Any CPU.ActiveCfg = Release|Any CPU
		{568997FD-8E4D-471D-867F-40783DDD3BD5}.Release|Any CPU.Build.0 = Release|Any CPU
		{4D5FAF3A-AA02-4023-A011-A1EC3C2D304C}.Debug|Any CPU.ActiveCfg = Debug|Any CPU
		{4D5FAF3A-AA02-4023-A011-A1EC3C2D304C}.Debug|Any CPU.Build.0 = Debug|Any CPU
		{4D5FAF3A-AA02-4023-A011-A1EC3C2D304C}.Release|Any CPU.ActiveCfg = Release|Any CPU
		{4D5FAF3A-AA02-4023-A011-A1EC3C2D304C}.Release|Any CPU.Build.0 = Release|Any CPU
		{02D71F32-3FAC-4A38-A6AF-67D274A91114}.Debug|Any CPU.ActiveCfg = Debug|Any CPU
		{02D71F32-3FAC-4A38-A6AF-67D274A91114}.Debug|Any CPU.Build.0 = Debug|Any CPU
		{02D71F32-3FAC-4A38-A6AF-67D274A91114}.Release|Any CPU.ActiveCfg = Release|Any CPU
		{02D71F32-3FAC-4A38-A6AF-67D274A91114}.Release|Any CPU.Build.0 = Release|Any CPU
		{21B9793F-6759-4867-B7BF-199F77E0A8DE}.Debug|Any CPU.ActiveCfg = Debug|Any CPU
		{21B9793F-6759-4867-B7BF-199F77E0A8DE}.Debug|Any CPU.Build.0 = Debug|Any CPU
		{21B9793F-6759-4867-B7BF-199F77E0A8DE}.Release|Any CPU.ActiveCfg = Release|Any CPU
		{21B9793F-6759-4867-B7BF-199F77E0A8DE}.Release|Any CPU.Build.0 = Release|Any CPU
	EndGlobalSection
	GlobalSection(NestedProjects) = preSolution
		{E583407F-9C81-4CF6-8133-30C8D6271657} = {7A419A8A-DFB7-48AD-B61C-B149F0E5AA47}
		{00816613-3DC7-4040-8DCF-E4E7DC9509F1} = {7A419A8A-DFB7-48AD-B61C-B149F0E5AA47}
		{568997FD-8E4D-471D-867F-40783DDD3BD5} = {7A419A8A-DFB7-48AD-B61C-B149F0E5AA47}
		{4D5FAF3A-AA02-4023-A011-A1EC3C2D304C} = {7A419A8A-DFB7-48AD-B61C-B149F0E5AA47}
		{02D71F32-3FAC-4A38-A6AF-67D274A91114} = {7A419A8A-DFB7-48AD-B61C-B149F0E5AA47}
		{21B9793F-6759-4867-B7BF-199F77E0A8DE} = {7A419A8A-DFB7-48AD-B61C-B149F0E5AA47}
	EndGlobalSection
EndGlobal
